
Microsoft Visual Studio Solution File, Format Version 12.00
# Visual Studio 15
VisualStudioVersion = 15.0.27130.2020
MinimumVisualStudioVersion = 10.0.40219.1
Project("{FAE04EC0-301F-11D3-BF4B-00C04F79EFBC}") = "HARTravel", "HARTravel\HARTravel.csproj", "{66AB0D05-6E65-495B-BE2A-ADC98ADBF44E}"
EndProject
Global
	GlobalSection(SolutionConfigurationPlatforms) = preSolution
		Debug|Any CPU = Debug|Any CPU
		Release|Any CPU = Release|Any CPU
	EndGlobalSection
	GlobalSection(ProjectConfigurationPlatforms) = postSolution
		{66AB0D05-6E65-495B-BE2A-ADC98ADBF44E}.Debug|Any CPU.ActiveCfg = Debug|Any CPU
		{66AB0D05-6E65-495B-BE2A-ADC98ADBF44E}.Debug|Any CPU.Build.0 = Debug|Any CPU
		{66AB0D05-6E65-495B-BE2A-ADC98ADBF44E}.Release|Any CPU.ActiveCfg = Release|Any CPU
		{66AB0D05-6E65-495B-BE2A-ADC98ADBF44E}.Release|Any CPU.Build.0 = Release|Any CPU
	EndGlobalSection
	GlobalSection(SolutionProperties) = preSolution
		HideSolutionNode = FALSE
	EndGlobalSection
	GlobalSection(ExtensibilityGlobals) = postSolution
		SolutionGuid = {0E118ED3-02A5-4EBE-BB5B-C92F8D9F3AEB}
	EndGlobalSection
EndGlobal
